<?xml version="1.0" encoding="UTF-8"?>
<CONFIG>
  <ProjectOptions>
    <Version Value="12"/>
    <PathDelim Value="\"/>
    <General>
      <Flags>
        <CompatibilityMode Value="True"/>
      </Flags>
      <SessionStorage Value="InProjectDir"/>
      <Title Value="Crystal_Filter_Design"/>
      <Scaled Value="True"/>
      <ResourceType Value="res"/>
      <UseXPManifest Value="True"/>
      <XPManifest>
        <DpiAware Value="True/PM_V2"/>
        <TextName Value="None.Crystal Filter Designer.Crystal Filter Designer"/>
        <TextDesc Value="Crystal Filter Design"/>
      </XPManifest>
      <Icon Value="0"/>
    </General>
    <VersionInfo>
      <UseVersionInfo Value="True"/>
      <AutoIncrementBuild Value="True"/>
      <MajorVersionNr Value="2"/>
      <MinorVersionNr Value="3"/>
      <BuildNr Value="11"/>
      <StringTable Comments="Crystal Filter Design" CompanyName="None" FileDescription="Crystal Filter Design" InternalName="Crystal Filter" ProductName="Crystal Filter"/>
    </VersionInfo>
    <BuildModes Count="3">
      <Item1 Name="Default" Default="True"/>
      <Item2 Name="Debug">
        <CompilerOptions>
          <Version Value="11"/>
          <PathDelim Value="\"/>
          <Target>
            <Filename Value="Crystal_Filter_Design"/>
          </Target>
          <SearchPaths>
            <IncludeFiles Value="$(ProjOutDir)"/>
            <UnitOutputDirectory Value="lib\$(TargetCPU)-$(TargetOS)"/>
          </SearchPaths>
          <Parsing>
            <SyntaxOptions>
              <IncludeAssertionCode Value="True"/>
            </SyntaxOptions>
          </Parsing>
          <CodeGeneration>
            <Checks>
              <IOChecks Value="True"/>
              <RangeChecks Value="True"/>
              <OverflowChecks Value="True"/>
              <StackChecks Value="True"/>
            </Checks>
            <VerifyObjMethodCallValidity Value="True"/>
            <TargetCPU Value="x86_64"/>
          </CodeGeneration>
          <Linking>
            <Debugging>
              <DebugInfoType Value="dsDwarf2Set"/>
              <TrashVariables Value="True"/>
              <UseExternalDbgSyms Value="True"/>
            </Debugging>
            <Options>
              <Win32>
                <GraphicApplication Value="True"/>
              </Win32>
            </Options>
          </Linking>
        </CompilerOptions>
      </Item2>
      <Item3 Name="Release">
        <CompilerOptions>
          <Version Value="11"/>
          <PathDelim Value="\"/>
          <Target>
            <Filename Value="Crystal_Filter_Design"/>
          </Target>
          <SearchPaths>
            <IncludeFiles Value="$(ProjOutDir)"/>
            <UnitOutputDirectory Value="lib\$(TargetCPU)-$(TargetOS)"/>
          </SearchPaths>
          <CodeGeneration>
            <SmartLinkUnit Value="True"/>
            <TargetCPU Value="x86_64"/>
            <Optimizations>
              <OptimizationLevel Value="3"/>
            </Optimizations>
          </CodeGeneration>
          <Linking>
            <Debugging>
              <GenerateDebugInfo Value="False"/>
              <DebugInfoType Value="dsDwarf2Set"/>
            </Debugging>
            <LinkSmart Value="True"/>
            <Options>
              <Win32>
                <GraphicApplication Value="True"/>
              </Win32>
            </Options>
          </Linking>
        </CompilerOptions>
      </Item3>
    </BuildModes>
    <PublishOptions>
      <Version Value="2"/>
      <DestinationDirectory Value="F:\Documents\Lazarus Project\Crystal Design (repaired)\New folder"/>
      <UseFileFilters Value="True"/>
    </PublishOptions>
    <RunParams>
      <FormatVersion Value="2"/>
    </RunParams>
    <RequiredPackages Count="3">
      <Item1>
        <PackageName Value="TAChartLazarusPkg"/>
      </Item1>
      <Item2>
        <PackageName Value="Printer4Lazarus"/>
      </Item2>
      <Item3>
        <PackageName Value="LCL"/>
      </Item3>
    </RequiredPackages>
    <Units Count="14">
      <Unit0>
        <Filename Value="Crystal_Filter_Design.pas"/>
        <IsPartOfProject Value="True"/>
      </Unit0>
      <Unit1>
        <Filename Value="filter.pas"/>
        <IsPartOfProject Value="True"/>
        <ComponentName Value="Form1"/>
        <HasResources Value="True"/>
        <ResourceBaseClass Value="Form"/>
        <UnitName Value="Filter"/>
      </Unit1>
      <Unit2>
        <Filename Value="unit1.pas"/>
        <IsPartOfProject Value="True"/>
        <ComponentName Value="Form2"/>
        <HasResources Value="True"/>
        <ResourceBaseClass Value="Form"/>
        <UnitName Value="Unit1"/>
      </Unit2>
      <Unit3>
        <Filename Value="unit2.pas"/>
        <IsPartOfProject Value="True"/>
        <ComponentName Value="Form3"/>
        <HasResources Value="True"/>
        <ResourceBaseClass Value="Form"/>
        <UnitName Value="Unit2"/>
      </Unit3>
      <Unit4>
        <Filename Value="frmabout.pas"/>
        <IsPartOfProject Value="True"/>
        <ComponentName Value="frmAbout"/>
        <HasResources Value="True"/>
        <ResourceBaseClass Value="Form"/>
        <UnitName Value="frmAbout"/>
      </Unit4>
      <Unit5>
        <Filename Value="matching.pas"/>
        <IsPartOfProject Value="True"/>
        <ComponentName Value="frmMatching"/>
        <HasResources Value="True"/>
        <ResourceBaseClass Value="Form"/>
      </Unit5>
      <Unit6>
        <Filename Value="filter_8pole.pas"/>
        <IsPartOfProject Value="True"/>
        <ComponentName Value="frm8pole"/>
        <HasResources Value="True"/>
        <ResourceBaseClass Value="Form"/>
        <UnitName Value="Filter_8pole"/>
      </Unit6>
      <Unit7>
        <Filename Value="simfunctions.pas"/>
        <IsPartOfProject Value="True"/>
        <UnitName Value="SimFunctions"/>
      </Unit7>
      <Unit8>
        <Filename Value="misc_functions.pas"/>
        <IsPartOfProject Value="True"/>
        <UnitName Value="Misc_Functions"/>
      </Unit8>
      <Unit9>
        <Filename Value="filter_6poles.pas"/>
        <IsPartOfProject Value="True"/>
        <ComponentName Value="frm6Pole"/>
        <HasResources Value="True"/>
        <ResourceBaseClass Value="Form"/>
        <UnitName Value="Filter_6poles"/>
      </Unit9>
      <Unit10>
        <Filename Value="order.pas"/>
        <IsPartOfProject Value="True"/>
        <ComponentName Value="frmOrder"/>
        <HasResources Value="True"/>
        <ResourceBaseClass Value="Form"/>
        <UnitName Value="Order"/>
      </Unit10>
      <Unit11>
        <Filename Value="convert.pas"/>
        <IsPartOfProject Value="True"/>
        <ComponentName Value="frmConvert"/>
        <HasResources Value="True"/>
        <ResourceBaseClass Value="Form"/>
        <UnitName Value="Convert"/>
      </Unit11>
      <Unit12>
        <Filename Value="filter_3poles.pas"/>
        <IsPartOfProject Value="True"/>
        <ComponentName Value="Fiter_3pole"/>
        <HasResources Value="True"/>
        <ResourceBaseClass Value="Form"/>
      </Unit12>
      <Unit13>
        <Filename Value="graph_result.pas"/>
        <IsPartOfProject Value="True"/>
        <ComponentName Value="Graph_Results"/>
        <HasResources Value="True"/>
        <ResourceBaseClass Value="Form"/>
        <UnitName Value="Graph_Result"/>
      </Unit13>
    </Units>
  </ProjectOptions>
  <CompilerOptions>
    <Version Value="11"/>
    <PathDelim Value="\"/>
    <Target>
      <Filename Value="Crystal_Filter_Design"/>
    </Target>
    <SearchPaths>
      <IncludeFiles Value="$(ProjOutDir)"/>
      <UnitOutputDirectory Value="lib\$(TargetCPU)-$(TargetOS)"/>
    </SearchPaths>
    <CodeGeneration>
      <TargetCPU Value="x86_64"/>
    </CodeGeneration>
    <Linking>
      <Options>
        <Win32>
          <GraphicApplication Value="True"/>
        </Win32>
      </Options>
    </Linking>
  </CompilerOptions>
</CONFIG>
